NeoBundleLock L9 c822b05ee0886f9a9703227dc85a6d47612c4bf1
NeoBundleLock Neocomplete.vim 98b7682408f988e301c4644c68b95e81de053c70
NeoBundleLock ctrlp.vim b5d3fe66a58a13d2ff8b6391f4387608496a030f
NeoBundleLock emmet-vim 8b9bcac7a03cabc0cd7cace8bb00b8c22884d98e
NeoBundleLock matchit 060d9d8aa381d6a650b649d38c992b59db3ed1a3
NeoBundleLock neobundle.vim 27c473e6b8c0d9aef620d4a993615a5537175e36
NeoBundleLock nerdcommenter 6549cfde45339bd4f711504196ff3e8b766ef5e6
NeoBundleLock nerdtree f8fd2ecce20f5005e6313ce57d6d2a209890c946
NeoBundleLock numbers.vim c7e04485568687ff1c6f4ff842ee80ec9c68d58a
NeoBundleLock syntastic 6de1559f339ec2f4ea094b6d3031ac9388e0d174
NeoBundleLock tabular 60f25648814f0695eeb6c1040d97adca93c4e0bb
NeoBundleLock tagbar 00dfa82b00e734b453153564efeec933c48087f0
NeoBundleLock vim-csscomb 4871f44ef4cb6563623f2a0ad00f2233984d7eb5
NeoBundleLock vim-easymotion 868cd71710a48e8ec8acffeabd1eebfb10812c77
NeoBundleLock vim-fugitive 0374322ba5d85ae44dd9dc44ef31ca015a59097e
NeoBundleLock vim-indent-guides eec1b629dc4cfa3986d20f21d4b4489732cd3f5a
NeoBundleLock vim-surround fa433e0b7330753688f715f3be5d10dc480f20e5
NeoBundleLock vimproc.vim 04b45cd80f48f66daed04a1a48a7ea4e7d316086
