NeoBundleLock Neocomplcache.vim 778181767467b8f8016828898779a646074d883a
NeoBundleLock ctrlp-cmatcher eff706cff39222dcad2f4660f8887af3bd02feba
NeoBundleLock ctrlp.vim b5d3fe66a58a13d2ff8b6391f4387608496a030f
NeoBundleLock emmet-vim 4933347202f595db90099829bfd97df26e9cde11
NeoBundleLock matchit 060d9d8aa381d6a650b649d38c992b59db3ed1a3
NeoBundleLock neobundle.vim 0968d1f321edddfe87d7dbcdfaa1ab8fb44f7dc9
NeoBundleLock nerdcommenter 5cc672a4f2adb734ac671499476034f0cd1d3d72
NeoBundleLock nerdtree 8c7534bc9e1d0c2f18bf94c1440c4ae6b102b5d6
NeoBundleLock numbers.vim c7e04485568687ff1c6f4ff842ee80ec9c68d58a
NeoBundleLock syntastic 8164240f6f0aaed2055dae45fc0e5c6f6ec30b3d
NeoBundleLock tabular 60f25648814f0695eeb6c1040d97adca93c4e0bb
NeoBundleLock tagbar 7b36c46d17d57db34fdb0adac9ba6382d0bb5e66
NeoBundleLock ultisnips ef2c0d6d80d7903bfed4fa0c3a7fe5af5fd0ce55
NeoBundleLock vim-csscomb 3fa936353012307104e95ba126c945e7ff3d7245
NeoBundleLock vim-easymotion 0806257ca6432ac7beb75c4319dadf7f3ba9907b
NeoBundleLock vim-fugitive b7b23001def8d2ae816ff6dd772cd50976189e0e
NeoBundleLock vim-fuzzyfinder 329:4014e500fb8d
NeoBundleLock vim-indent-guides 4895e860258cd24c975255ef459af4b956107557
NeoBundleLock vim-javascript bab4f3944fb6ef0953991ddfb6c734219c95b83a
NeoBundleLock vim-javascript-syntax c907b157ab22c73c517e07d29f7a753bbf8b8206
NeoBundleLock vim-l9 16:3bb534a720fa
NeoBundleLock vim-repeat 7a6675f092842c8f81e71d5345bd7cdbf3759415
NeoBundleLock vim-snippets 93c4b32b4d7c7abd742518bcf92ab93ae4b43d54
NeoBundleLock vim-surround 2d05440ad23f97a7874ebd9b5de3a0e65d25d85c
NeoBundleLock vimproc.vim 7190c920c29a3612d9144df4cf9527e016362cef
